
Microsoft Visual Studio Solution File, Format Version 12.00
# Visual Studio Version 17
VisualStudioVersion = 17.9.34714.143
MinimumVisualStudioVersion = 10.0.40219.1
Project("{FAE04EC0-301F-11D3-BF4B-00C04F79EFBC}") = "AnyExam", "AnyExam\AnyExam.csproj", "{FC09B2F9-A6C7-4DFC-A1C8-DF37C018D544}"
EndProject
Global
	GlobalSection(SolutionConfigurationPlatforms) = preSolution
		Debug|Any CPU = Debug|Any CPU
		Release|Any CPU = Release|Any CPU
	EndGlobalSection
	GlobalSection(ProjectConfigurationPlatforms) = postSolution
		{FC09B2F9-A6C7-4DFC-A1C8-DF37C018D544}.Debug|Any CPU.ActiveCfg = Debug|Any CPU
		{FC09B2F9-A6C7-4DFC-A1C8-DF37C018D544}.Debug|Any CPU.Build.0 = Debug|Any CPU
		{FC09B2F9-A6C7-4DFC-A1C8-DF37C018D544}.Release|Any CPU.ActiveCfg = Release|Any CPU
		{FC09B2F9-A6C7-4DFC-A1C8-DF37C018D544}.Release|Any CPU.Build.0 = Release|Any CPU
	EndGlobalSection
	GlobalSection(SolutionProperties) = preSolution
		HideSolutionNode = FALSE
	EndGlobalSection
	GlobalSection(ExtensibilityGlobals) = postSolution
		SolutionGuid = {1BB169A4-3B16-4988-A8B5-FD7EE8004ABE}
	EndGlobalSection
EndGlobal
